
Microsoft Visual Studio Solution File, Format Version 12.00
# Visual Studio 2012
Project("{FAE04EC0-301F-11D3-BF4B-00C04F79EFBC}") = "Server", "Server\Server.csproj", "{8CB98A13-75A8-42B1-9E03-4FA3ABCEAA3B}"
EndProject
Project("{FAE04EC0-301F-11D3-BF4B-00C04F79EFBC}") = "Client", "..\TcpChatGui\Client\Client.csproj", "{73154F68-BBEB-48FC-86C4-BB4909C1C7B4}"
EndProject
Global
	GlobalSection(SolutionConfigurationPlatforms) = preSolution
		Debug|x86 = Debug|x86
		Release|x86 = Release|x86
	EndGlobalSection
	GlobalSection(ProjectConfigurationPlatforms) = postSolution
		{8CB98A13-75A8-42B1-9E03-4FA3ABCEAA3B}.Debug|x86.ActiveCfg = Debug|x86
		{8CB98A13-75A8-42B1-9E03-4FA3ABCEAA3B}.Debug|x86.Build.0 = Debug|x86
		{8CB98A13-75A8-42B1-9E03-4FA3ABCEAA3B}.Release|x86.ActiveCfg = Release|x86
		{8CB98A13-75A8-42B1-9E03-4FA3ABCEAA3B}.Release|x86.Build.0 = Release|x86
		{73154F68-BBEB-48FC-86C4-BB4909C1C7B4}.Debug|x86.ActiveCfg = Debug|x86
		{73154F68-BBEB-48FC-86C4-BB4909C1C7B4}.Debug|x86.Build.0 = Debug|x86
		{73154F68-BBEB-48FC-86C4-BB4909C1C7B4}.Release|x86.ActiveCfg = Release|x86
		{73154F68-BBEB-48FC-86C4-BB4909C1C7B4}.Release|x86.Build.0 = Release|x86
	EndGlobalSection
EndGlobal
